
Microsoft Visual Studio Solution File, Format Version 12.00
# Visual Studio Version 17
VisualStudioVersion = 17.11.35222.181
MinimumVisualStudioVersion = 10.0.40219.1
Project("{FAE04EC0-301F-11D3-BF4B-00C04F79EFBC}") = "laboratorio3", "laboratorio3\laboratorio3.csproj", "{A0DCCC7B-8733-48F0-9428-2444C08EA566}"
EndProject
Global
	GlobalSection(SolutionConfigurationPlatforms) = preSolution
		Debug|Any CPU = Debug|Any CPU
		Release|Any CPU = Release|Any CPU
	EndGlobalSection
	GlobalSection(ProjectConfigurationPlatforms) = postSolution
		{A0DCCC7B-8733-48F0-9428-2444C08EA566}.Debug|Any CPU.ActiveCfg = Debug|Any CPU
		{A0DCCC7B-8733-48F0-9428-2444C08EA566}.Debug|Any CPU.Build.0 = Debug|Any CPU
		{A0DCCC7B-8733-48F0-9428-2444C08EA566}.Release|Any CPU.ActiveCfg = Release|Any CPU
		{A0DCCC7B-8733-48F0-9428-2444C08EA566}.Release|Any CPU.Build.0 = Release|Any CPU
	EndGlobalSection
	GlobalSection(SolutionProperties) = preSolution
		HideSolutionNode = FALSE
	EndGlobalSection
	GlobalSection(ExtensibilityGlobals) = postSolution
		SolutionGuid = {04417338-C3EE-4E0D-962B-1340FCBA03B9}
	EndGlobalSection
EndGlobal
